
Microsoft Visual Studio Solution File, Format Version 12.00
# Visual Studio Version 17
VisualStudioVersion = 17.6.33723.286
MinimumVisualStudioVersion = 10.0.40219.1
Project("{FAE04EC0-301F-11D3-BF4B-00C04F79EFBC}") = "TransactionHW", "TransactionHW\TransactionHW.csproj", "{693752CB-4F15-4802-A8E4-6A75698A1F80}"
EndProject
Global
	GlobalSection(SolutionConfigurationPlatforms) = preSolution
		Debug|Any CPU = Debug|Any CPU
		Release|Any CPU = Release|Any CPU
	EndGlobalSection
	GlobalSection(ProjectConfigurationPlatforms) = postSolution
		{693752CB-4F15-4802-A8E4-6A75698A1F80}.Debug|Any CPU.ActiveCfg = Debug|Any CPU
		{693752CB-4F15-4802-A8E4-6A75698A1F80}.Debug|Any CPU.Build.0 = Debug|Any CPU
		{693752CB-4F15-4802-A8E4-6A75698A1F80}.Release|Any CPU.ActiveCfg = Release|Any CPU
		{693752CB-4F15-4802-A8E4-6A75698A1F80}.Release|Any CPU.Build.0 = Release|Any CPU
	EndGlobalSection
	GlobalSection(SolutionProperties) = preSolution
		HideSolutionNode = FALSE
	EndGlobalSection
	GlobalSection(ExtensibilityGlobals) = postSolution
		SolutionGuid = {F69953A4-5C7A-48D7-A5B0-CA4B4507CE7A}
	EndGlobalSection
EndGlobal
